{
    "_readme": [
        "This file locks the dependencies of your project to a known state",
        "Read more about it at https://getcomposer.org/doc/01-basic-usage.md#composer-lock-the-lock-file",
        "This file is @generated automatically"
    ],
    "hash": "dbf151eeb0ae14c6025621dec57a66a4",
    "content-hash": "6311dcaaf5464b61d8dc06ae95429bac",
    "packages": [],
    "packages-dev": [
        {
            "name": "trsenna/gozma14",
            "version": "0.7.0",
            "source": {
                "type": "git",
                "url": "https://github.com/trsenna/gozma14.git",
                "reference": "8a211781690a7262a1a3950f5eb116477d03e666"
            },
            "dist": {
                "type": "zip",
                "url": "https://api.github.com/repos/trsenna/gozma14/zipball/8a211781690a7262a1a3950f5eb116477d03e666",
                "reference": "8a211781690a7262a1a3950f5eb116477d03e666",
                "shasum": ""
            },
            "type": "project",
            "license": [
                "GPL-2.0+"
            ],
            "authors": [
                {
                    "name": "Thiago Senna",
                    "homepage": "http://thremes.com.br"
                }
            ],
            "description": "Easily vagrant up ubuntu/trusty64 machines with ansible roles.",
            "support": {
                "issues": "https://github.com/trsenna/gozma14/issues",
                "source": "https://github.com/trsenna/gozma14"
            },
            "time": "2016-12-19 17:54:18"
        }
    ],
    "aliases": [],
    "minimum-stability": "stable",
    "stability-flags": [],
    "prefer-stable": false,
    "prefer-lowest": false,
    "platform": {
        "php": ">=5.3.2"
    },
    "platform-dev": []
}
