{
    "_readme": [
        "This file locks the dependencies of your project to a known state",
        "Read more about it at https://getcomposer.org/doc/01-basic-usage.md#composer-lock-the-lock-file",
        "This file is @generated automatically"
    ],
    "hash": "12843dc9f238fb5813dc00ab5708a15c",
    "content-hash": "ad4329a354a4f94ca40d6ced42108333",
    "packages": [],
    "packages-dev": [
        {
            "name": "trsenna/gozma14",
            "version": "0.8.0",
            "source": {
                "type": "git",
                "url": "https://github.com/trsenna/gozma14.git",
                "reference": "14dfbf976d65590ac916e7775e972e7cb9380270"
            },
            "dist": {
                "type": "zip",
                "url": "https://api.github.com/repos/trsenna/gozma14/zipball/14dfbf976d65590ac916e7775e972e7cb9380270",
                "reference": "14dfbf976d65590ac916e7775e972e7cb9380270",
                "shasum": ""
            },
            "type": "project",
            "license": [
                "GPL-2.0+"
            ],
            "authors": [
                {
                    "name": "Thiago Senna",
                    "homepage": "http://thremes.com.br"
                }
            ],
            "description": "Easily vagrant up ubuntu/trusty64 machines with ansible roles.",
            "support": {
                "issues": "https://github.com/trsenna/gozma14/issues",
                "source": "https://github.com/trsenna/gozma14"
            },
            "time": "2016-12-19 20:29:39"
        }
    ],
    "aliases": [],
    "minimum-stability": "stable",
    "stability-flags": [],
    "prefer-stable": false,
    "prefer-lowest": false,
    "platform": {
        "php": ">=5.3.2"
    },
    "platform-dev": []
}
